
Microsoft Visual Studio Solution File, Format Version 12.00
# Visual Studio 15
VisualStudioVersion = 15.0.27703.2042
MinimumVisualStudioVersion = 10.0.40219.1
Project("{FAE04EC0-301F-11D3-BF4B-00C04F79EFBC}") = "AttendanceBot", "AttendanceBot\AttendanceBot.csproj", "{2393C8FD-2B3D-4C43-8097-EA8DCF7E33D9}"
EndProject
Project("{FAE04EC0-301F-11D3-BF4B-00C04F79EFBC}") = "AttendanceBot.Tests", "AttendanceBot.Tests\AttendanceBot.Tests.csproj", "{A8460D48-BD4F-43F4-AA53-0CD4261C4E41}"
EndProject
Global
	GlobalSection(SolutionConfigurationPlatforms) = preSolution
		Debug|Any CPU = Debug|Any CPU
		Release|Any CPU = Release|Any CPU
	EndGlobalSection
	GlobalSection(ProjectConfigurationPlatforms) = postSolution
		{2393C8FD-2B3D-4C43-8097-EA8DCF7E33D9}.Debug|Any CPU.ActiveCfg = Debug|Any CPU
		{2393C8FD-2B3D-4C43-8097-EA8DCF7E33D9}.Debug|Any CPU.Build.0 = Debug|Any CPU
		{2393C8FD-2B3D-4C43-8097-EA8DCF7E33D9}.Release|Any CPU.ActiveCfg = Release|Any CPU
		{2393C8FD-2B3D-4C43-8097-EA8DCF7E33D9}.Release|Any CPU.Build.0 = Release|Any CPU
		{A8460D48-BD4F-43F4-AA53-0CD4261C4E41}.Debug|Any CPU.ActiveCfg = Debug|Any CPU
		{A8460D48-BD4F-43F4-AA53-0CD4261C4E41}.Debug|Any CPU.Build.0 = Debug|Any CPU
		{A8460D48-BD4F-43F4-AA53-0CD4261C4E41}.Release|Any CPU.ActiveCfg = Release|Any CPU
		{A8460D48-BD4F-43F4-AA53-0CD4261C4E41}.Release|Any CPU.Build.0 = Release|Any CPU
	EndGlobalSection
	GlobalSection(SolutionProperties) = preSolution
		HideSolutionNode = FALSE
	EndGlobalSection
	GlobalSection(ExtensibilityGlobals) = postSolution
		SolutionGuid = {8D62152F-CF24-403A-910E-FFABC80DE861}
	EndGlobalSection
EndGlobal
